
Microsoft Visual Studio Solution File, Format Version 12.00
# Visual Studio Version 17
VisualStudioVersion = 17.10.35004.147
MinimumVisualStudioVersion = 10.0.40219.1
Project("{9A19103F-16F7-4668-BE54-9A1E7A4F7556}") = "DocPlannerEntry.Tests", "DocPlannerEntry.Tests\DocPlannerEntry.Tests.csproj", "{F4277D1A-7AF2-4E13-BB8B-65AF821EB72A}"
EndProject
Project("{9A19103F-16F7-4668-BE54-9A1E7A4F7556}") = "DocPlannerEntry.SlotManagement.Model", "DocPlannerEntry.SlotManagement.Model\DocPlannerEntry.SlotManagement.Model.csproj", "{0DFCB997-FA5D-42A2-9DF4-CD238DC22C4E}"
EndProject
Project("{9A19103F-16F7-4668-BE54-9A1E7A4F7556}") = "DocPlannerEntry.SlotManagement.Service", "DocPlannerEntry.SlotManagement.Service\DocPlannerEntry.SlotManagement.Service.csproj", "{B3306AF8-3514-41CB-B86B-18FE536B06E6}"
EndProject
Project("{2150E333-8FDC-42A3-9474-1A3956D46DE8}") = "SlotManagement", "SlotManagement", "{4A93B342-1954-4539-B9EA-E19256EA278B}"
EndProject
Project("{9A19103F-16F7-4668-BE54-9A1E7A4F7556}") = "DocPlannerEntry.API", "DocPlannerEntry.API\DocPlannerEntry.API.csproj", "{37AA0970-E951-45E9-8301-787C1E6D3C98}"
EndProject
Project("{9A19103F-16F7-4668-BE54-9A1E7A4F7556}") = "DocPlannerEntry.Shared", "DocPlannerEntry.Shared\DocPlannerEntry.Shared.csproj", "{795F21B8-F4B2-4BA2-A56D-71F355DD3524}"
EndProject
Project("{FAE04EC0-301F-11D3-BF4B-00C04F79EFBC}") = "DocPlannerEntry.UI", "DocPlannerEntry.UI\DocPlannerEntry.UI.csproj", "{A5CECC01-C701-4D13-AA89-3234A74E438A}"
EndProject
Global
	GlobalSection(SolutionConfigurationPlatforms) = preSolution
		Debug|Any CPU = Debug|Any CPU
		Release|Any CPU = Release|Any CPU
	EndGlobalSection
	GlobalSection(ProjectConfigurationPlatforms) = postSolution
		{F4277D1A-7AF2-4E13-BB8B-65AF821EB72A}.Debug|Any CPU.ActiveCfg = Debug|Any CPU
		{F4277D1A-7AF2-4E13-BB8B-65AF821EB72A}.Debug|Any CPU.Build.0 = Debug|Any CPU
		{F4277D1A-7AF2-4E13-BB8B-65AF821EB72A}.Release|Any CPU.ActiveCfg = Release|Any CPU
		{F4277D1A-7AF2-4E13-BB8B-65AF821EB72A}.Release|Any CPU.Build.0 = Release|Any CPU
		{0DFCB997-FA5D-42A2-9DF4-CD238DC22C4E}.Debug|Any CPU.ActiveCfg = Debug|Any CPU
		{0DFCB997-FA5D-42A2-9DF4-CD238DC22C4E}.Debug|Any CPU.Build.0 = Debug|Any CPU
		{0DFCB997-FA5D-42A2-9DF4-CD238DC22C4E}.Release|Any CPU.ActiveCfg = Release|Any CPU
		{0DFCB997-FA5D-42A2-9DF4-CD238DC22C4E}.Release|Any CPU.Build.0 = Release|Any CPU
		{B3306AF8-3514-41CB-B86B-18FE536B06E6}.Debug|Any CPU.ActiveCfg = Debug|Any CPU
		{B3306AF8-3514-41CB-B86B-18FE536B06E6}.Debug|Any CPU.Build.0 = Debug|Any CPU
		{B3306AF8-3514-41CB-B86B-18FE536B06E6}.Release|Any CPU.ActiveCfg = Release|Any CPU
		{B3306AF8-3514-41CB-B86B-18FE536B06E6}.Release|Any CPU.Build.0 = Release|Any CPU
		{37AA0970-E951-45E9-8301-787C1E6D3C98}.Debug|Any CPU.ActiveCfg = Debug|Any CPU
		{37AA0970-E951-45E9-8301-787C1E6D3C98}.Debug|Any CPU.Build.0 = Debug|Any CPU
		{37AA0970-E951-45E9-8301-787C1E6D3C98}.Release|Any CPU.ActiveCfg = Release|Any CPU
		{37AA0970-E951-45E9-8301-787C1E6D3C98}.Release|Any CPU.Build.0 = Release|Any CPU
		{795F21B8-F4B2-4BA2-A56D-71F355DD3524}.Debug|Any CPU.ActiveCfg = Debug|Any CPU
		{795F21B8-F4B2-4BA2-A56D-71F355DD3524}.Debug|Any CPU.Build.0 = Debug|Any CPU
		{795F21B8-F4B2-4BA2-A56D-71F355DD3524}.Release|Any CPU.ActiveCfg = Release|Any CPU
		{795F21B8-F4B2-4BA2-A56D-71F355DD3524}.Release|Any CPU.Build.0 = Release|Any CPU
		{A5CECC01-C701-4D13-AA89-3234A74E438A}.Debug|Any CPU.ActiveCfg = Debug|Any CPU
		{A5CECC01-C701-4D13-AA89-3234A74E438A}.Debug|Any CPU.Build.0 = Debug|Any CPU
		{A5CECC01-C701-4D13-AA89-3234A74E438A}.Release|Any CPU.ActiveCfg = Release|Any CPU
		{A5CECC01-C701-4D13-AA89-3234A74E438A}.Release|Any CPU.Build.0 = Release|Any CPU
	EndGlobalSection
	GlobalSection(SolutionProperties) = preSolution
		HideSolutionNode = FALSE
	EndGlobalSection
	GlobalSection(NestedProjects) = preSolution
		{0DFCB997-FA5D-42A2-9DF4-CD238DC22C4E} = {4A93B342-1954-4539-B9EA-E19256EA278B}
		{B3306AF8-3514-41CB-B86B-18FE536B06E6} = {4A93B342-1954-4539-B9EA-E19256EA278B}
	EndGlobalSection
	GlobalSection(ExtensibilityGlobals) = postSolution
		SolutionGuid = {79309AD3-1DC3-491E-A1CC-1D901C5A0E19}
	EndGlobalSection
EndGlobal
